// !$*UTF8*$!
{
	archiveVersion = 1;
	classes = {
	};
	objectVersion = 77;
	objects = {

/* Begin PBXContainerItemProxy section */
		849EAB682C9BA9F5005B7232 /* PBXContainerItemProxy */ = {
			isa = PBXContainerItemProxy;
			containerPortal = 849EAB4F2C9BA9F4005B7232 /* Project object */;
			proxyType = 1;
			remoteGlobalIDString = 849EAB562C9BA9F4005B7232;
			remoteInfo = ChatProtoype;
		};
		849EAB722C9BA9F5005B7232 /* PBXContainerItemProxy */ = {
			isa = PBXContainerItemProxy;
			containerPortal = 849EAB4F2C9BA9F4005B7232 /* Project object */;
			proxyType = 1;
			remoteGlobalIDString = 849EAB562C9BA9F4005B7232;
			remoteInfo = ChatProtoype;
		};
/* End PBXContainerItemProxy section */

/* Begin PBXFileReference section */
		849EAB572C9BA9F4005B7232 /* ChatProtoype.app */ = {isa = PBXFileReference; explicitFileType = wrapper.application; includeInIndex = 0; path = ChatProtoype.app; sourceTree = BUILT_PRODUCTS_DIR; };
		849EAB672C9BA9F5005B7232 /* ChatProtoypeTests.xctest */ = {isa = PBXFileReference; explicitFileType = wrapper.cfbundle; includeInIndex = 0; path = ChatProtoypeTests.xctest; sourceTree = BUILT_PRODUCTS_DIR; };
		849EAB712C9BA9F5005B7232 /* ChatProtoypeUITests.xctest */ = {isa = PBXFileReference; explicitFileType = wrapper.cfbundle; includeInIndex = 0; path = ChatProtoypeUITests.xctest; sourceTree = BUILT_PRODUCTS_DIR; };
/* End PBXFileReference section */

/* Begin PBXFileSystemSynchronizedRootGroup section */
		849EAB592C9BA9F4005B7232 /* ChatProtoype */ = {
			isa = PBXFileSystemSynchronizedRootGroup;
			path = ChatProtoype;
			sourceTree = "<group>";
		};
		849EAB6A2C9BA9F5005B7232 /* ChatProtoypeTests */ = {
			isa = PBXFileSystemSynchronizedRootGroup;
			path = ChatProtoypeTests;
			sourceTree = "<group>";
		};
		849EAB742C9BA9F5005B7232 /* ChatProtoypeUITests */ = {
			isa = PBXFileSystemSynchronizedRootGroup;
			path = ChatProtoypeUITests;
			sourceTree = "<group>";
		};
/* End PBXFileSystemSynchronizedRootGroup section */

/* Begin PBXFrameworksBuildPhase section */
		849EAB542C9BA9F4005B7232 /* Frameworks */ = {
			isa = PBXFrameworksBuildPhase;
			buildActionMask = 2147483647;
			files = (
			);
			runOnlyForDeploymentPostprocessing = 0;
		};
		849EAB642C9BA9F5005B7232 /* Frameworks */ = {
			isa = PBXFrameworksBuildPhase;
			buildActionMask = 2147483647;
			files = (
			);
			runOnlyForDeploymentPostprocessing = 0;
		};
		849EAB6E2C9BA9F5005B7232 /* Frameworks */ = {
			isa = PBXFrameworksBuildPhase;
			buildActionMask = 2147483647;
			files = (
			);
			runOnlyForDeploymentPostprocessing = 0;
		};
/* End PBXFrameworksBuildPhase section */

/* Begin PBXGroup section */
		849EAB4E2C9BA9F4005B7232 = {
			isa = PBXGroup;
			children = (
				849EAB592C9BA9F4005B7232 /* ChatProtoype */,
				849EAB6A2C9BA9F5005B7232 /* ChatProtoypeTests */,
				849EAB742C9BA9F5005B7232 /* ChatProtoypeUITests */,
				849EAB582C9BA9F4005B7232 /* Products */,
			);
			sourceTree = "<group>";
		};
		849EAB582C9BA9F4005B7232 /* Products */ = {
			isa = PBXGroup;
			children = (
				849EAB572C9BA9F4005B7232 /* ChatProtoype.app */,
				849EAB672C9BA9F5005B7232 /* ChatProtoypeTests.xctest */,
				849EAB712C9BA9F5005B7232 /* ChatProtoypeUITests.xctest */,
			);
			name = Products;
			sourceTree = "<group>";
		};
/* End PBXGroup section */

/* Begin PBXNativeTarget section */
		849EAB562C9BA9F4005B7232 /* ChatProtoype */ = {
			isa = PBXNativeTarget;
			buildConfigurationList = 849EAB7B2C9BA9F5005B7232 /* Build configuration list for PBXNativeTarget "ChatProtoype" */;
			buildPhases = (
				849EAB532C9BA9F4005B7232 /* Sources */,
				849EAB542C9BA9F4005B7232 /* Frameworks */,
				849EAB552C9BA9F4005B7232 /* Resources */,
			);
			buildRules = (
			);
			dependencies = (
			);
			fileSystemSynchronizedGroups = (
				849EAB592C9BA9F4005B7232 /* ChatProtoype */,
			);
			name = ChatProtoype;
			packageProductDependencies = (
			);
			productName = ChatProtoype;
			productReference = 849EAB572C9BA9F4005B7232 /* ChatProtoype.app */;
			productType = "com.apple.product-type.application";
		};
		849EAB662C9BA9F5005B7232 /* ChatProtoypeTests */ = {
			isa = PBXNativeTarget;
			buildConfigurationList = 849EAB7E2C9BA9F5005B7232 /* Build configuration list for PBXNativeTarget "ChatProtoypeTests" */;
			buildPhases = (
				849EAB632C9BA9F5005B7232 /* Sources */,
				849EAB642C9BA9F5005B7232 /* Frameworks */,
				849EAB652C9BA9F5005B7232 /* Resources */,
			);
			buildRules = (
			);
			dependencies = (
				849EAB692C9BA9F5005B7232 /* PBXTargetDependency */,
			);
			fileSystemSynchronizedGroups = (
				849EAB6A2C9BA9F5005B7232 /* ChatProtoypeTests */,
			);
			name = ChatProtoypeTests;
			packageProductDependencies = (
			);
			productName = ChatProtoypeTests;
			productReference = 849EAB672C9BA9F5005B7232 /* ChatProtoypeTests.xctest */;
			productType = "com.apple.product-type.bundle.unit-test";
		};
		849EAB702C9BA9F5005B7232 /* ChatProtoypeUITests */ = {
			isa = PBXNativeTarget;
			buildConfigurationList = 849EAB812C9BA9F5005B7232 /* Build configuration list for PBXNativeTarget "ChatProtoypeUITests" */;
			buildPhases = (
				849EAB6D2C9BA9F5005B7232 /* Sources */,
				849EAB6E2C9BA9F5005B7232 /* Frameworks */,
				849EAB6F2C9BA9F5005B7232 /* Resources */,
			);
			buildRules = (
			);
			dependencies = (
				849EAB732C9BA9F5005B7232 /* PBXTargetDependency */,
			);
			fileSystemSynchronizedGroups = (
				849EAB742C9BA9F5005B7232 /* ChatProtoypeUITests */,
			);
			name = ChatProtoypeUITests;
			packageProductDependencies = (
			);
			productName = ChatProtoypeUITests;
			productReference = 849EAB712C9BA9F5005B7232 /* ChatProtoypeUITests.xctest */;
			productType = "com.apple.product-type.bundle.ui-testing";
		};
/* End PBXNativeTarget section */

/* Begin PBXProject section */
		849EAB4F2C9BA9F4005B7232 /* Project object */ = {
			isa = PBXProject;
			attributes = {
				BuildIndependentTargetsInParallel = 1;
				LastSwiftUpdateCheck = 1600;
				LastUpgradeCheck = 1600;
				TargetAttributes = {
					849EAB562C9BA9F4005B7232 = {
						CreatedOnToolsVersion = 16.0;
					};
					849EAB662C9BA9F5005B7232 = {
						CreatedOnToolsVersion = 16.0;
						TestTargetID = 849EAB562C9BA9F4005B7232;
					};
					849EAB702C9BA9F5005B7232 = {
						CreatedOnToolsVersion = 16.0;
						TestTargetID = 849EAB562C9BA9F4005B7232;
					};
				};
			};
			buildConfigurationList = 849EAB522C9BA9F4005B7232 /* Build configuration list for PBXProject "ChatProtoype" */;
			developmentRegion = en;
			hasScannedForEncodings = 0;
			knownRegions = (
				en,
				Base,
			);
			mainGroup = 849EAB4E2C9BA9F4005B7232;
			minimizedProjectReferenceProxies = 1;
			preferredProjectObjectVersion = 77;
			productRefGroup = 849EAB582C9BA9F4005B7232 /* Products */;
			projectDirPath = "";
			projectRoot = "";
			targets = (
				849EAB562C9BA9F4005B7232 /* ChatProtoype */,
				849EAB662C9BA9F5005B7232 /* ChatProtoypeTests */,
				849EAB702C9BA9F5005B7232 /* ChatProtoypeUITests */,
			);
		};
/* End PBXProject section */

/* Begin PBXResourcesBuildPhase section */
		849EAB552C9BA9F4005B7232 /* Resources */ = {
			isa = PBXResourcesBuildPhase;
			buildActionMask = 2147483647;
			files = (
			);
			runOnlyForDeploymentPostprocessing = 0;
		};
		849EAB652C9BA9F5005B7232 /* Resources */ = {
			isa = PBXResourcesBuildPhase;
			buildActionMask = 2147483647;
			files = (
			);
			runOnlyForDeploymentPostprocessing = 0;
		};
		849EAB6F2C9BA9F5005B7232 /* Resources */ = {
			isa = PBXResourcesBuildPhase;
			buildActionMask = 2147483647;
			files = (
			);
			runOnlyForDeploymentPostprocessing = 0;
		};
/* End PBXResourcesBuildPhase section */

/* Begin PBXSourcesBuildPhase section */
		849EAB532C9BA9F4005B7232 /* Sources */ = {
			isa = PBXSourcesBuildPhase;
			buildActionMask = 2147483647;
			files = (
			);
			runOnlyForDeploymentPostprocessing = 0;
		};
		849EAB632C9BA9F5005B7232 /* Sources */ = {
			isa = PBXSourcesBuildPhase;
			buildActionMask = 2147483647;
			files = (
			);
			runOnlyForDeploymentPostprocessing = 0;
		};
		849EAB6D2C9BA9F5005B7232 /* Sources */ = {
			isa = PBXSourcesBuildPhase;
			buildActionMask = 2147483647;
			files = (
			);
			runOnlyForDeploymentPostprocessing = 0;
		};
/* End PBXSourcesBuildPhase section */

/* Begin PBXTargetDependency section */
		849EAB692C9BA9F5005B7232 /* PBXTargetDependency */ = {
			isa = PBXTargetDependency;
			target = 849EAB562C9BA9F4005B7232 /* ChatProtoype */;
			targetProxy = 849EAB682C9BA9F5005B7232 /* PBXContainerItemProxy */;
		};
		849EAB732C9BA9F5005B7232 /* PBXTargetDependency */ = {
			isa = PBXTargetDependency;
			target = 849EAB562C9BA9F4005B7232 /* ChatProtoype */;
			targetProxy = 849EAB722C9BA9F5005B7232 /* PBXContainerItemProxy */;
		};
/* End PBXTargetDependency section */

/* Begin XCBuildConfiguration section */
		849EAB792C9BA9F5005B7232 /* Debug */ = {
			isa = XCBuildConfiguration;
			buildSettings = {
				ALWAYS_SEARCH_USER_PATHS = NO;
				ASSETCATALOG_COMPILER_GENERATE_SWIFT_ASSET_SYMBOL_EXTENSIONS = YES;
				CLANG_ANALYZER_NONNULL = YES;
				CLANG_ANALYZER_NUMBER_OBJECT_CONVERSION = YES_AGGRESSIVE;
				CLANG_CXX_LANGUAGE_STANDARD = "gnu++20";
				CLANG_ENABLE_MODULES = YES;
				CLANG_ENABLE_OBJC_ARC = YES;
				CLANG_ENABLE_OBJC_WEAK = YES;
				CLANG_WARN_BLOCK_CAPTURE_AUTORELEASING = YES;
				CLANG_WARN_BOOL_CONVERSION = YES;
				CLANG_WARN_COMMA = YES;
				CLANG_WARN_CONSTANT_CONVERSION = YES;
				CLANG_WARN_DEPRECATED_OBJC_IMPLEMENTATIONS = YES;
				CLANG_WARN_DIRECT_OBJC_ISA_USAGE = YES_ERROR;
				CLANG_WARN_DOCUMENTATION_COMMENTS = YES;
				CLANG_WARN_EMPTY_BODY = YES;
				CLANG_WARN_ENUM_CONVERSION = YES;
				CLANG_WARN_INFINITE_RECURSION = YES;
				CLANG_WARN_INT_CONVERSION = YES;
				CLANG_WARN_NON_LITERAL_NULL_CONVERSION = YES;
				CLANG_WARN_OBJC_IMPLICIT_RETAIN_SELF = YES;
				CLANG_WARN_OBJC_LITERAL_CONVERSION = YES;
				CLANG_WARN_OBJC_ROOT_CLASS = YES_ERROR;
				CLANG_WARN_QUOTED_INCLUDE_IN_FRAMEWORK_HEADER = YES;
				CLANG_WARN_RANGE_LOOP_ANALYSIS = YES;
				CLANG_WARN_STRICT_PROTOTYPES = YES;
				CLANG_WARN_SUSPICIOUS_MOVE = YES;
				CLANG_WARN_UNGUARDED_AVAILABILITY = YES_AGGRESSIVE;
				CLANG_WARN_UNREACHABLE_CODE = YES;
				CLANG_WARN__DUPLICATE_METHOD_MATCH = YES;
				COPY_PHASE_STRIP = NO;
				DEBUG_INFORMATION_FORMAT = dwarf;
				ENABLE_STRICT_OBJC_MSGSEND = YES;
				ENABLE_TESTABILITY = YES;
				ENABLE_USER_SCRIPT_SANDBOXING = YES;
				GCC_C_LANGUAGE_STANDARD = gnu17;
				GCC_DYNAMIC_NO_PIC = NO;
				GCC_NO_COMMON_BLOCKS = YES;
				GCC_OPTIMIZATION_LEVEL = 0;
				GCC_PREPROCESSOR_DEFINITIONS = (
					"DEBUG=1",
					"$(inherited)",
				);
				GCC_WARN_64_TO_32_BIT_CONVERSION = YES;
				GCC_WARN_ABOUT_RETURN_TYPE = YES_ERROR;
				GCC_WARN_UNDECLARED_SELECTOR = YES;
				GCC_WARN_UNINITIALIZED_AUTOS = YES_AGGRESSIVE;
				GCC_WARN_UNUSED_FUNCTION = YES;
				GCC_WARN_UNUSED_VARIABLE = YES;
				IPHONEOS_DEPLOYMENT_TARGET = 18.0;
				LOCALIZATION_PREFERS_STRING_CATALOGS = YES;
				MTL_ENABLE_DEBUG_INFO = INCLUDE_SOURCE;
				MTL_FAST_MATH = YES;
				ONLY_ACTIVE_ARCH = YES;
				SDKROOT = iphoneos;
				SWIFT_ACTIVE_COMPILATION_CONDITIONS = "DEBUG $(inherited)";
				SWIFT_OPTIMIZATION_LEVEL = "-Onone";
			};
			name = Debug;
		};
		849EAB7A2C9BA9F5005B7232 /* Release */ = {
			isa = XCBuildConfiguration;
			buildSettings = {
				ALWAYS_SEARCH_USER_PATHS = NO;
				ASSETCATALOG_COMPILER_GENERATE_SWIFT_ASSET_SYMBOL_EXTENSIONS = YES;
				CLANG_ANALYZER_NONNULL = YES;
				CLANG_ANALYZER_NUMBER_OBJECT_CONVERSION = YES_AGGRESSIVE;
				CLANG_CXX_LANGUAGE_STANDARD = "gnu++20";
				CLANG_ENABLE_MODULES = YES;
				CLANG_ENABLE_OBJC_ARC = YES;
				CLANG_ENABLE_OBJC_WEAK = YES;
				CLANG_WARN_BLOCK_CAPTURE_AUTORELEASING = YES;
				CLANG_WARN_BOOL_CONVERSION = YES;
				CLANG_WARN_COMMA = YES;
				CLANG_WARN_CONSTANT_CONVERSION = YES;
				CLANG_WARN_DEPRECATED_OBJC_IMPLEMENTATIONS = YES;
				CLANG_WARN_DIRECT_OBJC_ISA_USAGE = YES_ERROR;
				CLANG_WARN_DOCUMENTATION_COMMENTS = YES;
				CLANG_WARN_EMPTY_BODY = YES;
				CLANG_WARN_ENUM_CONVERSION = YES;
				CLANG_WARN_INFINITE_RECURSION = YES;
				CLANG_WARN_INT_CONVERSION = YES;
				CLANG_WARN_NON_LITERAL_NULL_CONVERSION = YES;
				CLANG_WARN_OBJC_IMPLICIT_RETAIN_SELF = YES;
				CLANG_WARN_OBJC_LITERAL_CONVERSION = YES;
				CLANG_WARN_OBJC_ROOT_CLASS = YES_ERROR;
				CLANG_WARN_QUOTED_INCLUDE_IN_FRAMEWORK_HEADER = YES;
				CLANG_WARN_RANGE_LOOP_ANALYSIS = YES;
				CLANG_WARN_STRICT_PROTOTYPES = YES;
				CLANG_WARN_SUSPICIOUS_MOVE = YES;
				CLANG_WARN_UNGUARDED_AVAILABILITY = YES_AGGRESSIVE;
				CLANG_WARN_UNREACHABLE_CODE = YES;
				CLANG_WARN__DUPLICATE_METHOD_MATCH = YES;
				COPY_PHASE_STRIP = NO;
				DEBUG_INFORMATION_FORMAT = "dwarf-with-dsym";
				ENABLE_NS_ASSERTIONS = NO;
				ENABLE_STRICT_OBJC_MSGSEND = YES;
				ENABLE_USER_SCRIPT_SANDBOXING = YES;
				GCC_C_LANGUAGE_STANDARD = gnu17;
				GCC_NO_COMMON_BLOCKS = YES;
				GCC_WARN_64_TO_32_BIT_CONVERSION = YES;
				GCC_WARN_ABOUT_RETURN_TYPE = YES_ERROR;
				GCC_WARN_UNDECLARED_SELECTOR = YES;
				GCC_WARN_UNINITIALIZED_AUTOS = YES_AGGRESSIVE;
				GCC_WARN_UNUSED_FUNCTION = YES;
				GCC_WARN_UNUSED_VARIABLE = YES;
				IPHONEOS_DEPLOYMENT_TARGET = 18.0;
				LOCALIZATION_PREFERS_STRING_CATALOGS = YES;
				MTL_ENABLE_DEBUG_INFO = NO;
				MTL_FAST_MATH = YES;
				SDKROOT = iphoneos;
				SWIFT_COMPILATION_MODE = wholemodule;
				VALIDATE_PRODUCT = YES;
			};
			name = Release;
		};
		849EAB7C2C9BA9F5005B7232 /* Debug */ = {
			isa = XCBuildConfiguration;
			buildSettings = {
				ASSETCATALOG_COMPILER_APPICON_NAME = AppIcon;
				ASSETCATALOG_COMPILER_GLOBAL_ACCENT_COLOR_NAME = AccentColor;
				CODE_SIGN_STYLE = Automatic;
				CURRENT_PROJECT_VERSION = 1;
				DEVELOPMENT_ASSET_PATHS = "\"ChatProtoype/Preview Content\"";
				DEVELOPMENT_TEAM = 5D26T3D38G;
				ENABLE_PREVIEWS = YES;
				GENERATE_INFOPLIST_FILE = YES;
				INFOPLIST_KEY_UIApplicationSceneManifest_Generation = YES;
				INFOPLIST_KEY_UIApplicationSupportsIndirectInputEvents = YES;
				INFOPLIST_KEY_UILaunchScreen_Generation = YES;
				INFOPLIST_KEY_UISupportedInterfaceOrientations_iPad = "UIInterfaceOrientationPortrait UIInterfaceOrientationPortraitUpsideDown UIInterfaceOrientationLandscapeLeft UIInterfaceOrientationLandscapeRight";
				INFOPLIST_KEY_UISupportedInterfaceOrientations_iPhone = "UIInterfaceOrientationPortrait UIInterfaceOrientationLandscapeLeft UIInterfaceOrientationLandscapeRight";
				LD_RUNPATH_SEARCH_PATHS = (
					"$(inherited)",
					"@executable_path/Frameworks",
				);
				MARKETING_VERSION = 1.0;
				PRODUCT_BUNDLE_IDENTIFIER = com.cjbdevlabs.ChatProtoype;
				PRODUCT_NAME = "$(TARGET_NAME)";
				SWIFT_EMIT_LOC_STRINGS = YES;
				SWIFT_VERSION = 5.0;
				TARGETED_DEVICE_FAMILY = "1,2";
			};
			name = Debug;
		};
		849EAB7D2C9BA9F5005B7232 /* Release */ = {
			isa = XCBuildConfiguration;
			buildSettings = {
				ASSETCATALOG_COMPILER_APPICON_NAME = AppIcon;
				ASSETCATALOG_COMPILER_GLOBAL_ACCENT_COLOR_NAME = AccentColor;
				CODE_SIGN_STYLE = Automatic;
				CURRENT_PROJECT_VERSION = 1;
				DEVELOPMENT_ASSET_PATHS = "\"ChatProtoype/Preview Content\"";
				DEVELOPMENT_TEAM = 5D26T3D38G;
				ENABLE_PREVIEWS = YES;
				GENERATE_INFOPLIST_FILE = YES;
				INFOPLIST_KEY_UIApplicationSceneManifest_Generation = YES;
				INFOPLIST_KEY_UIApplicationSupportsIndirectInputEvents = YES;
				INFOPLIST_KEY_UILaunchScreen_Generation = YES;
				INFOPLIST_KEY_UISupportedInterfaceOrientations_iPad = "UIInterfaceOrientationPortrait UIInterfaceOrientationPortraitUpsideDown UIInterfaceOrientationLandscapeLeft UIInterfaceOrientationLandscapeRight";
				INFOPLIST_KEY_UISupportedInterfaceOrientations_iPhone = "UIInterfaceOrientationPortrait UIInterfaceOrientationLandscapeLeft UIInterfaceOrientationLandscapeRight";
				LD_RUNPATH_SEARCH_PATHS = (
					"$(inherited)",
					"@executable_path/Frameworks",
				);
				MARKETING_VERSION = 1.0;
				PRODUCT_BUNDLE_IDENTIFIER = com.cjbdevlabs.ChatProtoype;
				PRODUCT_NAME = "$(TARGET_NAME)";
				SWIFT_EMIT_LOC_STRINGS = YES;
				SWIFT_VERSION = 5.0;
				TARGETED_DEVICE_FAMILY = "1,2";
			};
			name = Release;
		};
		849EAB7F2C9BA9F5005B7232 /* Debug */ = {
			isa = XCBuildConfiguration;
			buildSettings = {
				BUNDLE_LOADER = "$(TEST_HOST)";
				CODE_SIGN_STYLE = Automatic;
				CURRENT_PROJECT_VERSION = 1;
				DEVELOPMENT_TEAM = 5D26T3D38G;
				GENERATE_INFOPLIST_FILE = YES;
				IPHONEOS_DEPLOYMENT_TARGET = 18.0;
				MARKETING_VERSION = 1.0;
				PRODUCT_BUNDLE_IDENTIFIER = com.cjbdevlabs.ChatProtoypeTests;
				PRODUCT_NAME = "$(TARGET_NAME)";
				SWIFT_EMIT_LOC_STRINGS = NO;
				SWIFT_VERSION = 5.0;
				TARGETED_DEVICE_FAMILY = "1,2";
				TEST_HOST = "$(BUILT_PRODUCTS_DIR)/ChatProtoype.app/$(BUNDLE_EXECUTABLE_FOLDER_PATH)/ChatProtoype";
			};
			name = Debug;
		};
		849EAB802C9BA9F5005B7232 /* Release */ = {
			isa = XCBuildConfiguration;
			buildSettings = {
				BUNDLE_LOADER = "$(TEST_HOST)";
				CODE_SIGN_STYLE = Automatic;
				CURRENT_PROJECT_VERSION = 1;
				DEVELOPMENT_TEAM = 5D26T3D38G;
				GENERATE_INFOPLIST_FILE = YES;
				IPHONEOS_DEPLOYMENT_TARGET = 18.0;
				MARKETING_VERSION = 1.0;
				PRODUCT_BUNDLE_IDENTIFIER = com.cjbdevlabs.ChatProtoypeTests;
				PRODUCT_NAME = "$(TARGET_NAME)";
				SWIFT_EMIT_LOC_STRINGS = NO;
				SWIFT_VERSION = 5.0;
				TARGETED_DEVICE_FAMILY = "1,2";
				TEST_HOST = "$(BUILT_PRODUCTS_DIR)/ChatProtoype.app/$(BUNDLE_EXECUTABLE_FOLDER_PATH)/ChatProtoype";
			};
			name = Release;
		};
		849EAB822C9BA9F5005B7232 /* Debug */ = {
			isa = XCBuildConfiguration;
			buildSettings = {
				CODE_SIGN_STYLE = Automatic;
				CURRENT_PROJECT_VERSION = 1;
				DEVELOPMENT_TEAM = 5D26T3D38G;
				GENERATE_INFOPLIST_FILE = YES;
				MARKETING_VERSION = 1.0;
				PRODUCT_BUNDLE_IDENTIFIER = com.cjbdevlabs.ChatProtoypeUITests;
				PRODUCT_NAME = "$(TARGET_NAME)";
				SWIFT_EMIT_LOC_STRINGS = NO;
				SWIFT_VERSION = 5.0;
				TARGETED_DEVICE_FAMILY = "1,2";
				TEST_TARGET_NAME = ChatProtoype;
			};
			name = Debug;
		};
		849EAB832C9BA9F5005B7232 /* Release */ = {
			isa = XCBuildConfiguration;
			buildSettings = {
				CODE_SIGN_STYLE = Automatic;
				CURRENT_PROJECT_VERSION = 1;
				DEVELOPMENT_TEAM = 5D26T3D38G;
				GENERATE_INFOPLIST_FILE = YES;
				MARKETING_VERSION = 1.0;
				PRODUCT_BUNDLE_IDENTIFIER = com.cjbdevlabs.ChatProtoypeUITests;
				PRODUCT_NAME = "$(TARGET_NAME)";
				SWIFT_EMIT_LOC_STRINGS = NO;
				SWIFT_VERSION = 5.0;
				TARGETED_DEVICE_FAMILY = "1,2";
				TEST_TARGET_NAME = ChatProtoype;
			};
			name = Release;
		};
/* End XCBuildConfiguration section */

/* Begin XCConfigurationList section */
		849EAB522C9BA9F4005B7232 /* Build configuration list for PBXProject "ChatProtoype" */ = {
			isa = XCConfigurationList;
			buildConfigurations = (
				849EAB792C9BA9F5005B7232 /* Debug */,
				849EAB7A2C9BA9F5005B7232 /* Release */,
			);
			defaultConfigurationIsVisible = 0;
			defaultConfigurationName = Release;
		};
		849EAB7B2C9BA9F5005B7232 /* Build configuration list for PBXNativeTarget "ChatProtoype" */ = {
			isa = XCConfigurationList;
			buildConfigurations = (
				849EAB7C2C9BA9F5005B7232 /* Debug */,
				849EAB7D2C9BA9F5005B7232 /* Release */,
			);
			defaultConfigurationIsVisible = 0;
			defaultConfigurationName = Release;
		};
		849EAB7E2C9BA9F5005B7232 /* Build configuration list for PBXNativeTarget "ChatProtoypeTests" */ = {
			isa = XCConfigurationList;
			buildConfigurations = (
				849EAB7F2C9BA9F5005B7232 /* Debug */,
				849EAB802C9BA9F5005B7232 /* Release */,
			);
			defaultConfigurationIsVisible = 0;
			defaultConfigurationName = Release;
		};
		849EAB812C9BA9F5005B7232 /* Build configuration list for PBXNativeTarget "ChatProtoypeUITests" */ = {
			isa = XCConfigurationList;
			buildConfigurations = (
				849EAB822C9BA9F5005B7232 /* Debug */,
				849EAB832C9BA9F5005B7232 /* Release */,
			);
			defaultConfigurationIsVisible = 0;
			defaultConfigurationName = Release;
		};
/* End XCConfigurationList section */
	};
	rootObject = 849EAB4F2C9BA9F4005B7232 /* Project object */;
}
